
Microsoft Visual Studio Solution File, Format Version 12.00
# Visual Studio Version 17
VisualStudioVersion = 17.7.34031.279
MinimumVisualStudioVersion = 10.0.40219.1
Project("{FAE04EC0-301F-11D3-BF4B-00C04F79EFBC}") = "laboratorio7.Android", "laboratorio7\laboratorio7.Android\laboratorio7.Android.csproj", "{F4131ADD-2C36-46A7-AE41-23A9CC2C9EA9}"
EndProject
Project("{FAE04EC0-301F-11D3-BF4B-00C04F79EFBC}") = "laboratorio7.iOS", "laboratorio7\laboratorio7.iOS\laboratorio7.iOS.csproj", "{9BDF31AC-9248-4ABD-B57B-3E304948EE22}"
EndProject
Project("{FAE04EC0-301F-11D3-BF4B-00C04F79EFBC}") = "laboratorio7", "laboratorio7\laboratorio7\laboratorio7.csproj", "{33ABA527-DE83-41BC-84AB-338BECBBDB36}"
EndProject
Global
	GlobalSection(SolutionConfigurationPlatforms) = preSolution
		Debug|Any CPU = Debug|Any CPU
		Debug|iPhone = Debug|iPhone
		Debug|iPhoneSimulator = Debug|iPhoneSimulator
		Release|Any CPU = Release|Any CPU
		Release|iPhone = Release|iPhone
		Release|iPhoneSimulator = Release|iPhoneSimulator
	EndGlobalSection
	GlobalSection(ProjectConfigurationPlatforms) = postSolution
		{F4131ADD-2C36-46A7-AE41-23A9CC2C9EA9}.Debug|Any CPU.ActiveCfg = Debug|Any CPU
		{F4131ADD-2C36-46A7-AE41-23A9CC2C9EA9}.Debug|Any CPU.Build.0 = Debug|Any CPU
		{F4131ADD-2C36-46A7-AE41-23A9CC2C9EA9}.Debug|Any CPU.Deploy.0 = Debug|Any CPU
		{F4131ADD-2C36-46A7-AE41-23A9CC2C9EA9}.Debug|iPhone.ActiveCfg = Debug|Any CPU
		{F4131ADD-2C36-46A7-AE41-23A9CC2C9EA9}.Debug|iPhone.Build.0 = Debug|Any CPU
		{F4131ADD-2C36-46A7-AE41-23A9CC2C9EA9}.Debug|iPhone.Deploy.0 = Debug|Any CPU
		{F4131ADD-2C36-46A7-AE41-23A9CC2C9EA9}.Debug|iPhoneSimulator.ActiveCfg = Debug|Any CPU
		{F4131ADD-2C36-46A7-AE41-23A9CC2C9EA9}.Debug|iPhoneSimulator.Build.0 = Debug|Any CPU
		{F4131ADD-2C36-46A7-AE41-23A9CC2C9EA9}.Debug|iPhoneSimulator.Deploy.0 = Debug|Any CPU
		{F4131ADD-2C36-46A7-AE41-23A9CC2C9EA9}.Release|Any CPU.ActiveCfg = Release|Any CPU
		{F4131ADD-2C36-46A7-AE41-23A9CC2C9EA9}.Release|Any CPU.Build.0 = Release|Any CPU
		{F4131ADD-2C36-46A7-AE41-23A9CC2C9EA9}.Release|Any CPU.Deploy.0 = Release|Any CPU
		{F4131ADD-2C36-46A7-AE41-23A9CC2C9EA9}.Release|iPhone.ActiveCfg = Release|Any CPU
		{F4131ADD-2C36-46A7-AE41-23A9CC2C9EA9}.Release|iPhone.Build.0 = Release|Any CPU
		{F4131ADD-2C36-46A7-AE41-23A9CC2C9EA9}.Release|iPhone.Deploy.0 = Release|Any CPU
		{F4131ADD-2C36-46A7-AE41-23A9CC2C9EA9}.Release|iPhoneSimulator.ActiveCfg = Release|Any CPU
		{F4131ADD-2C36-46A7-AE41-23A9CC2C9EA9}.Release|iPhoneSimulator.Build.0 = Release|Any CPU
		{F4131ADD-2C36-46A7-AE41-23A9CC2C9EA9}.Release|iPhoneSimulator.Deploy.0 = Release|Any CPU
		{9BDF31AC-9248-4ABD-B57B-3E304948EE22}.Debug|Any CPU.ActiveCfg = Debug|iPhone
		{9BDF31AC-9248-4ABD-B57B-3E304948EE22}.Debug|Any CPU.Build.0 = Debug|iPhone
		{9BDF31AC-9248-4ABD-B57B-3E304948EE22}.Debug|Any CPU.Deploy.0 = Debug|iPhone
		{9BDF31AC-9248-4ABD-B57B-3E304948EE22}.Debug|iPhone.ActiveCfg = Debug|iPhone
		{9BDF31AC-9248-4ABD-B57B-3E304948EE22}.Debug|iPhone.Build.0 = Debug|iPhone
		{9BDF31AC-9248-4ABD-B57B-3E304948EE22}.Debug|iPhone.Deploy.0 = Debug|iPhone
		{9BDF31AC-9248-4ABD-B57B-3E304948EE22}.Debug|iPhoneSimulator.ActiveCfg = Debug|iPhoneSimulator
		{9BDF31AC-9248-4ABD-B57B-3E304948EE22}.Debug|iPhoneSimulator.Build.0 = Debug|iPhoneSimulator
		{9BDF31AC-9248-4ABD-B57B-3E304948EE22}.Debug|iPhoneSimulator.Deploy.0 = Debug|iPhoneSimulator
		{9BDF31AC-9248-4ABD-B57B-3E304948EE22}.Release|Any CPU.ActiveCfg = Release|iPhoneSimulator
		{9BDF31AC-9248-4ABD-B57B-3E304948EE22}.Release|Any CPU.Build.0 = Release|iPhoneSimulator
		{9BDF31AC-9248-4ABD-B57B-3E304948EE22}.Release|Any CPU.Deploy.0 = Release|iPhoneSimulator
		{9BDF31AC-9248-4ABD-B57B-3E304948EE22}.Release|iPhone.ActiveCfg = Release|iPhone
		{9BDF31AC-9248-4ABD-B57B-3E304948EE22}.Release|iPhone.Build.0 = Release|iPhone
		{9BDF31AC-9248-4ABD-B57B-3E304948EE22}.Release|iPhone.Deploy.0 = Release|iPhone
		{9BDF31AC-9248-4ABD-B57B-3E304948EE22}.Release|iPhoneSimulator.ActiveCfg = Release|iPhoneSimulator
		{9BDF31AC-9248-4ABD-B57B-3E304948EE22}.Release|iPhoneSimulator.Build.0 = Release|iPhoneSimulator
		{9BDF31AC-9248-4ABD-B57B-3E304948EE22}.Release|iPhoneSimulator.Deploy.0 = Release|iPhoneSimulator
		{33ABA527-DE83-41BC-84AB-338BECBBDB36}.Debug|Any CPU.ActiveCfg = Debug|Any CPU
		{33ABA527-DE83-41BC-84AB-338BECBBDB36}.Debug|Any CPU.Build.0 = Debug|Any CPU
		{33ABA527-DE83-41BC-84AB-338BECBBDB36}.Debug|Any CPU.Deploy.0 = Debug|Any CPU
		{33ABA527-DE83-41BC-84AB-338BECBBDB36}.Debug|iPhone.ActiveCfg = Debug|Any CPU
		{33ABA527-DE83-41BC-84AB-338BECBBDB36}.Debug|iPhone.Build.0 = Debug|Any CPU
		{33ABA527-DE83-41BC-84AB-338BECBBDB36}.Debug|iPhone.Deploy.0 = Debug|Any CPU
		{33ABA527-DE83-41BC-84AB-338BECBBDB36}.Debug|iPhoneSimulator.ActiveCfg = Debug|Any CPU
		{33ABA527-DE83-41BC-84AB-338BECBBDB36}.Debug|iPhoneSimulator.Build.0 = Debug|Any CPU
		{33ABA527-DE83-41BC-84AB-338BECBBDB36}.Debug|iPhoneSimulator.Deploy.0 = Debug|Any CPU
		{33ABA527-DE83-41BC-84AB-338BECBBDB36}.Release|Any CPU.ActiveCfg = Release|Any CPU
		{33ABA527-DE83-41BC-84AB-338BECBBDB36}.Release|Any CPU.Build.0 = Release|Any CPU
		{33ABA527-DE83-41BC-84AB-338BECBBDB36}.Release|Any CPU.Deploy.0 = Release|Any CPU
		{33ABA527-DE83-41BC-84AB-338BECBBDB36}.Release|iPhone.ActiveCfg = Release|Any CPU
		{33ABA527-DE83-41BC-84AB-338BECBBDB36}.Release|iPhone.Build.0 = Release|Any CPU
		{33ABA527-DE83-41BC-84AB-338BECBBDB36}.Release|iPhone.Deploy.0 = Release|Any CPU
		{33ABA527-DE83-41BC-84AB-338BECBBDB36}.Release|iPhoneSimulator.ActiveCfg = Release|Any CPU
		{33ABA527-DE83-41BC-84AB-338BECBBDB36}.Release|iPhoneSimulator.Build.0 = Release|Any CPU
		{33ABA527-DE83-41BC-84AB-338BECBBDB36}.Release|iPhoneSimulator.Deploy.0 = Release|Any CPU
	EndGlobalSection
	GlobalSection(SolutionProperties) = preSolution
		HideSolutionNode = FALSE
	EndGlobalSection
	GlobalSection(ExtensibilityGlobals) = postSolution
		SolutionGuid = {636D502E-7F16-4B8B-ABEC-951AF928AF1A}
	EndGlobalSection
EndGlobal
